
Microsoft Visual Studio Solution File, Format Version 12.00
# Visual Studio Version 16
VisualStudioVersion = 16.0.30204.135
MinimumVisualStudioVersion = 10.0.40219.1
Project("{8BC9CEB8-8B4A-11D0-8D11-00A0C91BC942}") = "ProjetEnCours", "ProjetEnCours\ProjetEnCours.vcxproj", "{270550A9-200C-47C6-B877-EB3404C98513}"
EndProject
Project("{8BC9CEB8-8B4A-11D0-8D11-00A0C91BC942}") = "ProjetExercice2", "ProjetExercice2\ProjetExercice2.vcxproj", "{28C07378-A096-4BDA-8556-DB820360779C}"
EndProject
Global
	GlobalSection(SolutionConfigurationPlatforms) = preSolution
		Debug|x64 = Debug|x64
		Debug|x86 = Debug|x86
		Release|x64 = Release|x64
		Release|x86 = Release|x86
	EndGlobalSection
	GlobalSection(ProjectConfigurationPlatforms) = postSolution
		{270550A9-200C-47C6-B877-EB3404C98513}.Debug|x64.ActiveCfg = Debug|x64
		{270550A9-200C-47C6-B877-EB3404C98513}.Debug|x64.Build.0 = Debug|x64
		{270550A9-200C-47C6-B877-EB3404C98513}.Debug|x86.ActiveCfg = Debug|Win32
		{270550A9-200C-47C6-B877-EB3404C98513}.Debug|x86.Build.0 = Debug|Win32
		{270550A9-200C-47C6-B877-EB3404C98513}.Release|x64.ActiveCfg = Release|x64
		{270550A9-200C-47C6-B877-EB3404C98513}.Release|x64.Build.0 = Release|x64
		{270550A9-200C-47C6-B877-EB3404C98513}.Release|x86.ActiveCfg = Release|Win32
		{270550A9-200C-47C6-B877-EB3404C98513}.Release|x86.Build.0 = Release|Win32
		{28C07378-A096-4BDA-8556-DB820360779C}.Debug|x64.ActiveCfg = Debug|x64
		{28C07378-A096-4BDA-8556-DB820360779C}.Debug|x64.Build.0 = Debug|x64
		{28C07378-A096-4BDA-8556-DB820360779C}.Debug|x86.ActiveCfg = Debug|Win32
		{28C07378-A096-4BDA-8556-DB820360779C}.Debug|x86.Build.0 = Debug|Win32
		{28C07378-A096-4BDA-8556-DB820360779C}.Release|x64.ActiveCfg = Release|x64
		{28C07378-A096-4BDA-8556-DB820360779C}.Release|x64.Build.0 = Release|x64
		{28C07378-A096-4BDA-8556-DB820360779C}.Release|x86.ActiveCfg = Release|Win32
		{28C07378-A096-4BDA-8556-DB820360779C}.Release|x86.Build.0 = Release|Win32
	EndGlobalSection
	GlobalSection(SolutionProperties) = preSolution
		HideSolutionNode = FALSE
	EndGlobalSection
	GlobalSection(ExtensibilityGlobals) = postSolution
		SolutionGuid = {2CDCA374-CA72-467A-937B-8735692C6B3E}
	EndGlobalSection
EndGlobal
